
Microsoft Visual Studio Solution File, Format Version 12.00
# Visual Studio Version 17
VisualStudioVersion = 17.7.34031.279
MinimumVisualStudioVersion = 10.0.40219.1
Project("{FAE04EC0-301F-11D3-BF4B-00C04F79EFBC}") = "WesJokesApp", "WesJokesApp\WesJokesApp.csproj", "{3406C4C7-5BD7-4224-83AB-EF454862668C}"
EndProject
Global
	GlobalSection(SolutionConfigurationPlatforms) = preSolution
		Debug|Any CPU = Debug|Any CPU
		Release|Any CPU = Release|Any CPU
	EndGlobalSection
	GlobalSection(ProjectConfigurationPlatforms) = postSolution
		{3406C4C7-5BD7-4224-83AB-EF454862668C}.Debug|Any CPU.ActiveCfg = Debug|Any CPU
		{3406C4C7-5BD7-4224-83AB-EF454862668C}.Debug|Any CPU.Build.0 = Debug|Any CPU
		{3406C4C7-5BD7-4224-83AB-EF454862668C}.Release|Any CPU.ActiveCfg = Release|Any CPU
		{3406C4C7-5BD7-4224-83AB-EF454862668C}.Release|Any CPU.Build.0 = Release|Any CPU
	EndGlobalSection
	GlobalSection(SolutionProperties) = preSolution
		HideSolutionNode = FALSE
	EndGlobalSection
	GlobalSection(ExtensibilityGlobals) = postSolution
		SolutionGuid = {D2B86C52-5B88-4BE3-9D2E-28945E040B04}
	EndGlobalSection
EndGlobal
